
Microsoft Visual Studio Solution File, Format Version 12.00
# Visual Studio Version 16
VisualStudioVersion = 16.0.29230.47
MinimumVisualStudioVersion = 10.0.40219.1
Project("{F184B08F-C81C-45F6-A57F-5ABD9991F28F}") = "Minehut", "Minehut\Minehut.vbproj", "{36302BD2-174C-4089-AA4F-880A77268AC0}"
EndProject
Global
	GlobalSection(SolutionConfigurationPlatforms) = preSolution
		Debug|Any CPU = Debug|Any CPU
		Release|Any CPU = Release|Any CPU
	EndGlobalSection
	GlobalSection(ProjectConfigurationPlatforms) = postSolution
		{36302BD2-174C-4089-AA4F-880A77268AC0}.Debug|Any CPU.ActiveCfg = Debug|Any CPU
		{36302BD2-174C-4089-AA4F-880A77268AC0}.Debug|Any CPU.Build.0 = Debug|Any CPU
		{36302BD2-174C-4089-AA4F-880A77268AC0}.Release|Any CPU.ActiveCfg = Release|Any CPU
		{36302BD2-174C-4089-AA4F-880A77268AC0}.Release|Any CPU.Build.0 = Release|Any CPU
	EndGlobalSection
	GlobalSection(SolutionProperties) = preSolution
		HideSolutionNode = FALSE
	EndGlobalSection
	GlobalSection(ExtensibilityGlobals) = postSolution
		SolutionGuid = {ED3C742E-5C54-476D-8E3B-706D43A14C33}
	EndGlobalSection
EndGlobal
